
Microsoft Visual Studio Solution File, Format Version 12.00
# Visual Studio Version 16
VisualStudioVersion = 25.0.1706.6
MinimumVisualStudioVersion = 10.0.40219.1
Project("{FAE04EC0-301F-11D3-BF4B-00C04F79EFBC}") = "Setul_2", "Setul_2.csproj", "{0615BA4F-38F5-4940-9559-BCD25CA78A5D}"
EndProject
Global
	GlobalSection(SolutionConfigurationPlatforms) = preSolution
		Debug|Any CPU = Debug|Any CPU
		Release|Any CPU = Release|Any CPU
	EndGlobalSection
	GlobalSection(ProjectConfigurationPlatforms) = postSolution
		{0615BA4F-38F5-4940-9559-BCD25CA78A5D}.Debug|Any CPU.ActiveCfg = Debug|Any CPU
		{0615BA4F-38F5-4940-9559-BCD25CA78A5D}.Debug|Any CPU.Build.0 = Debug|Any CPU
		{0615BA4F-38F5-4940-9559-BCD25CA78A5D}.Release|Any CPU.ActiveCfg = Release|Any CPU
		{0615BA4F-38F5-4940-9559-BCD25CA78A5D}.Release|Any CPU.Build.0 = Release|Any CPU
	EndGlobalSection
	GlobalSection(SolutionProperties) = preSolution
		HideSolutionNode = FALSE
	EndGlobalSection
	GlobalSection(ExtensibilityGlobals) = postSolution
		SolutionGuid = {0C06C8CF-8CE3-49DD-8BA7-A939325E1F98}
	EndGlobalSection
EndGlobal
